
Microsoft Visual Studio Solution File, Format Version 12.00
# Visual Studio Version 17
VisualStudioVersion = 17.1.31903.286
MinimumVisualStudioVersion = 10.0.40219.1
Project("{9A19103F-16F7-4668-BE54-9A1E7A4F7556}") = "SirooWebAPP.Core", "SirooWebAPP.Core.csproj", "{21213347-5069-4840-B934-086264D90D8A}"
EndProject
Project("{9A19103F-16F7-4668-BE54-9A1E7A4F7556}") = "SirooWebAPP.Application", "..\SirooWebAPP.Application\SirooWebAPP.Application.csproj", "{7AE6F5A3-7BF4-42DE-8E91-9821F1DD73D9}"
EndProject
Project("{9A19103F-16F7-4668-BE54-9A1E7A4F7556}") = "SirooWebAPP.Infrastructure", "..\SirooWebAPP.Infrastructure\SirooWebAPP.Infrastructure.csproj", "{068BF32D-A6D6-4813-8F43-9A6714CEA769}"
EndProject
Project("{9A19103F-16F7-4668-BE54-9A1E7A4F7556}") = "SirooWebAPP.UI", "..\SirooWebAPP.UI\SirooWebAPP.UI\SirooWebAPP.UI.csproj", "{C9520C04-E659-458C-AEF1-B5C8B078D94A}"
EndProject
Global
	GlobalSection(SolutionConfigurationPlatforms) = preSolution
		Debug|Any CPU = Debug|Any CPU
		Release|Any CPU = Release|Any CPU
	EndGlobalSection
	GlobalSection(ProjectConfigurationPlatforms) = postSolution
		{21213347-5069-4840-B934-086264D90D8A}.Debug|Any CPU.ActiveCfg = Debug|Any CPU
		{21213347-5069-4840-B934-086264D90D8A}.Debug|Any CPU.Build.0 = Debug|Any CPU
		{21213347-5069-4840-B934-086264D90D8A}.Release|Any CPU.ActiveCfg = Release|Any CPU
		{21213347-5069-4840-B934-086264D90D8A}.Release|Any CPU.Build.0 = Release|Any CPU
		{7AE6F5A3-7BF4-42DE-8E91-9821F1DD73D9}.Debug|Any CPU.ActiveCfg = Debug|Any CPU
		{7AE6F5A3-7BF4-42DE-8E91-9821F1DD73D9}.Debug|Any CPU.Build.0 = Debug|Any CPU
		{7AE6F5A3-7BF4-42DE-8E91-9821F1DD73D9}.Release|Any CPU.ActiveCfg = Release|Any CPU
		{7AE6F5A3-7BF4-42DE-8E91-9821F1DD73D9}.Release|Any CPU.Build.0 = Release|Any CPU
		{068BF32D-A6D6-4813-8F43-9A6714CEA769}.Debug|Any CPU.ActiveCfg = Debug|Any CPU
		{068BF32D-A6D6-4813-8F43-9A6714CEA769}.Debug|Any CPU.Build.0 = Debug|Any CPU
		{068BF32D-A6D6-4813-8F43-9A6714CEA769}.Release|Any CPU.ActiveCfg = Release|Any CPU
		{068BF32D-A6D6-4813-8F43-9A6714CEA769}.Release|Any CPU.Build.0 = Release|Any CPU
		{C9520C04-E659-458C-AEF1-B5C8B078D94A}.Debug|Any CPU.ActiveCfg = Debug|Any CPU
		{C9520C04-E659-458C-AEF1-B5C8B078D94A}.Debug|Any CPU.Build.0 = Debug|Any CPU
		{C9520C04-E659-458C-AEF1-B5C8B078D94A}.Release|Any CPU.ActiveCfg = Release|Any CPU
		{C9520C04-E659-458C-AEF1-B5C8B078D94A}.Release|Any CPU.Build.0 = Release|Any CPU
	EndGlobalSection
	GlobalSection(SolutionProperties) = preSolution
		HideSolutionNode = FALSE
	EndGlobalSection
	GlobalSection(ExtensibilityGlobals) = postSolution
		SolutionGuid = {41C3BBC0-1F77-4BC5-ACC2-8D203AE5010D}
	EndGlobalSection
EndGlobal
